
Microsoft Visual Studio Solution File, Format Version 12.00
# Visual Studio 15
VisualStudioVersion = 15.0.27428.2037
MinimumVisualStudioVersion = 10.0.40219.1
Project("{FAE04EC0-301F-11D3-BF4B-00C04F79EFBC}") = "ET46_CustomRender.Android", "ET46_CustomRender\ET46_CustomRender.Android\ET46_CustomRender.Android.csproj", "{DB7AA19F-F3A1-4C30-B379-919FDCBE6A38}"
EndProject
Project("{FAE04EC0-301F-11D3-BF4B-00C04F79EFBC}") = "ET46_CustomRender.iOS", "ET46_CustomRender\ET46_CustomRender.iOS\ET46_CustomRender.iOS.csproj", "{96311543-98CD-4227-8673-F36040F2D0EB}"
EndProject
Project("{FAE04EC0-301F-11D3-BF4B-00C04F79EFBC}") = "ET46_CustomRender.UWP", "ET46_CustomRender\ET46_CustomRender.UWP\ET46_CustomRender.UWP.csproj", "{62F38B18-0928-4F61-93F8-C41E336FADB4}"
EndProject
Project("{FAE04EC0-301F-11D3-BF4B-00C04F79EFBC}") = "ET46_CustomRender", "ET46_CustomRender\ET46_CustomRender\ET46_CustomRender.csproj", "{9084D2CB-30C0-4EEE-B062-26A81A559DA7}"
EndProject
Global
	GlobalSection(SolutionConfigurationPlatforms) = preSolution
		Ad-Hoc|Any CPU = Ad-Hoc|Any CPU
		Ad-Hoc|ARM = Ad-Hoc|ARM
		Ad-Hoc|iPhone = Ad-Hoc|iPhone
		Ad-Hoc|iPhoneSimulator = Ad-Hoc|iPhoneSimulator
		Ad-Hoc|x64 = Ad-Hoc|x64
		Ad-Hoc|x86 = Ad-Hoc|x86
		AppStore|Any CPU = AppStore|Any CPU
		AppStore|ARM = AppStore|ARM
		AppStore|iPhone = AppStore|iPhone
		AppStore|iPhoneSimulator = AppStore|iPhoneSimulator
		AppStore|x64 = AppStore|x64
		AppStore|x86 = AppStore|x86
		Debug|Any CPU = Debug|Any CPU
		Debug|ARM = Debug|ARM
		Debug|iPhone = Debug|iPhone
		Debug|iPhoneSimulator = Debug|iPhoneSimulator
		Debug|x64 = Debug|x64
		Debug|x86 = Debug|x86
		Release|Any CPU = Release|Any CPU
		Release|ARM = Release|ARM
		Release|iPhone = Release|iPhone
		Release|iPhoneSimulator = Release|iPhoneSimulator
		Release|x64 = Release|x64
		Release|x86 = Release|x86
	EndGlobalSection
	GlobalSection(ProjectConfigurationPlatforms) = postSolution
		{DB7AA19F-F3A1-4C30-B379-919FDCBE6A38}.Ad-Hoc|Any CPU.ActiveCfg = Release|Any CPU
		{DB7AA19F-F3A1-4C30-B379-919FDCBE6A38}.Ad-Hoc|Any CPU.Build.0 = Release|Any CPU
		{DB7AA19F-F3A1-4C30-B379-919FDCBE6A38}.Ad-Hoc|Any CPU.Deploy.0 = Release|Any CPU
		{DB7AA19F-F3A1-4C30-B379-919FDCBE6A38}.Ad-Hoc|ARM.ActiveCfg = Release|Any CPU
		{DB7AA19F-F3A1-4C30-B379-919FDCBE6A38}.Ad-Hoc|ARM.Build.0 = Release|Any CPU
		{DB7AA19F-F3A1-4C30-B379-919FDCBE6A38}.Ad-Hoc|ARM.Deploy.0 = Release|Any CPU
		{DB7AA19F-F3A1-4C30-B379-919FDCBE6A38}.Ad-Hoc|iPhone.ActiveCfg = Release|Any CPU
		{DB7AA19F-F3A1-4C30-B379-919FDCBE6A38}.Ad-Hoc|iPhone.Build.0 = Release|Any CPU
		{DB7AA19F-F3A1-4C30-B379-919FDCBE6A38}.Ad-Hoc|iPhone.Deploy.0 = Release|Any CPU
		{DB7AA19F-F3A1-4C30-B379-919FDCBE6A38}.Ad-Hoc|iPhoneSimulator.ActiveCfg = Release|Any CPU
		{DB7AA19F-F3A1-4C30-B379-919FDCBE6A38}.Ad-Hoc|iPhoneSimulator.Build.0 = Release|Any CPU
		{DB7AA19F-F3A1-4C30-B379-919FDCBE6A38}.Ad-Hoc|iPhoneSimulator.Deploy.0 = Release|Any CPU
		{DB7AA19F-F3A1-4C30-B379-919FDCBE6A38}.Ad-Hoc|x64.ActiveCfg = Release|Any CPU
		{DB7AA19F-F3A1-4C30-B379-919FDCBE6A38}.Ad-Hoc|x64.Build.0 = Release|Any CPU
		{DB7AA19F-F3A1-4C30-B379-919FDCBE6A38}.Ad-Hoc|x64.Deploy.0 = Release|Any CPU
		{DB7AA19F-F3A1-4C30-B379-919FDCBE6A38}.Ad-Hoc|x86.ActiveCfg = Release|Any CPU
		{DB7AA19F-F3A1-4C30-B379-919FDCBE6A38}.Ad-Hoc|x86.Build.0 = Release|Any CPU
		{DB7AA19F-F3A1-4C30-B379-919FDCBE6A38}.Ad-Hoc|x86.Deploy.0 = Release|Any CPU
		{DB7AA19F-F3A1-4C30-B379-919FDCBE6A38}.AppStore|Any CPU.ActiveCfg = Release|Any CPU
		{DB7AA19F-F3A1-4C30-B379-919FDCBE6A38}.AppStore|Any CPU.Build.0 = Release|Any CPU
		{DB7AA19F-F3A1-4C30-B379-919FDCBE6A38}.AppStore|Any CPU.Deploy.0 = Release|Any CPU
		{DB7AA19F-F3A1-4C30-B379-919FDCBE6A38}.AppStore|ARM.ActiveCfg = Release|Any CPU
		{DB7AA19F-F3A1-4C30-B379-919FDCBE6A38}.AppStore|ARM.Build.0 = Release|Any CPU
		{DB7AA19F-F3A1-4C30-B379-919FDCBE6A38}.AppStore|ARM.Deploy.0 = Release|Any CPU
		{DB7AA19F-F3A1-4C30-B379-919FDCBE6A38}.AppStore|iPhone.ActiveCfg = Release|Any CPU
		{DB7AA19F-F3A1-4C30-B379-919FDCBE6A38}.AppStore|iPhone.Build.0 = Release|Any CPU
		{DB7AA19F-F3A1-4C30-B379-919FDCBE6A38}.AppStore|iPhone.Deploy.0 = Release|Any CPU
		{DB7AA19F-F3A1-4C30-B379-919FDCBE6A38}.AppStore|iPhoneSimulator.ActiveCfg = Release|Any CPU
		{DB7AA19F-F3A1-4C30-B379-919FDCBE6A38}.AppStore|iPhoneSimulator.Build.0 = Release|Any CPU
		{DB7AA19F-F3A1-4C30-B379-919FDCBE6A38}.AppStore|iPhoneSimulator.Deploy.0 = Release|Any CPU
		{DB7AA19F-F3A1-4C30-B379-919FDCBE6A38}.AppStore|x64.ActiveCfg = Release|Any CPU
		{DB7AA19F-F3A1-4C30-B379-919FDCBE6A38}.AppStore|x64.Build.0 = Release|Any CPU
		{DB7AA19F-F3A1-4C30-B379-919FDCBE6A38}.AppStore|x64.Deploy.0 = Release|Any CPU
		{DB7AA19F-F3A1-4C30-B379-919FDCBE6A38}.AppStore|x86.ActiveCfg = Release|Any CPU
		{DB7AA19F-F3A1-4C30-B379-919FDCBE6A38}.AppStore|x86.Build.0 = Release|Any CPU
		{DB7AA19F-F3A1-4C30-B379-919FDCBE6A38}.AppStore|x86.Deploy.0 = Release|Any CPU
		{DB7AA19F-F3A1-4C30-B379-919FDCBE6A38}.Debug|Any CPU.ActiveCfg = Debug|Any CPU
		{DB7AA19F-F3A1-4C30-B379-919FDCBE6A38}.Debug|Any CPU.Build.0 = Debug|Any CPU
		{DB7AA19F-F3A1-4C30-B379-919FDCBE6A38}.Debug|Any CPU.Deploy.0 = Debug|Any CPU
		{DB7AA19F-F3A1-4C30-B379-919FDCBE6A38}.Debug|ARM.ActiveCfg = Debug|Any CPU
		{DB7AA19F-F3A1-4C30-B379-919FDCBE6A38}.Debug|ARM.Build.0 = Debug|Any CPU
		{DB7AA19F-F3A1-4C30-B379-919FDCBE6A38}.Debug|ARM.Deploy.0 = Debug|Any CPU
		{DB7AA19F-F3A1-4C30-B379-919FDCBE6A38}.Debug|iPhone.ActiveCfg = Debug|Any CPU
		{DB7AA19F-F3A1-4C30-B379-919FDCBE6A38}.Debug|iPhone.Build.0 = Debug|Any CPU
		{DB7AA19F-F3A1-4C30-B379-919FDCBE6A38}.Debug|iPhone.Deploy.0 = Debug|Any CPU
		{DB7AA19F-F3A1-4C30-B379-919FDCBE6A38}.Debug|iPhoneSimulator.ActiveCfg = Debug|Any CPU
		{DB7AA19F-F3A1-4C30-B379-919FDCBE6A38}.Debug|iPhoneSimulator.Build.0 = Debug|Any CPU
		{DB7AA19F-F3A1-4C30-B379-919FDCBE6A38}.Debug|iPhoneSimulator.Deploy.0 = Debug|Any CPU
		{DB7AA19F-F3A1-4C30-B379-919FDCBE6A38}.Debug|x64.ActiveCfg = Debug|Any CPU
		{DB7AA19F-F3A1-4C30-B379-919FDCBE6A38}.Debug|x64.Build.0 = Debug|Any CPU
		{DB7AA19F-F3A1-4C30-B379-919FDCBE6A38}.Debug|x64.Deploy.0 = Debug|Any CPU
		{DB7AA19F-F3A1-4C30-B379-919FDCBE6A38}.Debug|x86.ActiveCfg = Debug|Any CPU
		{DB7AA19F-F3A1-4C30-B379-919FDCBE6A38}.Debug|x86.Build.0 = Debug|Any CPU
		{DB7AA19F-F3A1-4C30-B379-919FDCBE6A38}.Debug|x86.Deploy.0 = Debug|Any CPU
		{DB7AA19F-F3A1-4C30-B379-919FDCBE6A38}.Release|Any CPU.ActiveCfg = Release|Any CPU
		{DB7AA19F-F3A1-4C30-B379-919FDCBE6A38}.Release|Any CPU.Build.0 = Release|Any CPU
		{DB7AA19F-F3A1-4C30-B379-919FDCBE6A38}.Release|Any CPU.Deploy.0 = Release|Any CPU
		{DB7AA19F-F3A1-4C30-B379-919FDCBE6A38}.Release|ARM.ActiveCfg = Release|Any CPU
		{DB7AA19F-F3A1-4C30-B379-919FDCBE6A38}.Release|ARM.Build.0 = Release|Any CPU
		{DB7AA19F-F3A1-4C30-B379-919FDCBE6A38}.Release|ARM.Deploy.0 = Release|Any CPU
		{DB7AA19F-F3A1-4C30-B379-919FDCBE6A38}.Release|iPhone.ActiveCfg = Release|Any CPU
		{DB7AA19F-F3A1-4C30-B379-919FDCBE6A38}.Release|iPhone.Build.0 = Release|Any CPU
		{DB7AA19F-F3A1-4C30-B379-919FDCBE6A38}.Release|iPhone.Deploy.0 = Release|Any CPU
		{DB7AA19F-F3A1-4C30-B379-919FDCBE6A38}.Release|iPhoneSimulator.ActiveCfg = Release|Any CPU
		{DB7AA19F-F3A1-4C30-B379-919FDCBE6A38}.Release|iPhoneSimulator.Build.0 = Release|Any CPU
		{DB7AA19F-F3A1-4C30-B379-919FDCBE6A38}.Release|iPhoneSimulator.Deploy.0 = Release|Any CPU
		{DB7AA19F-F3A1-4C30-B379-919FDCBE6A38}.Release|x64.ActiveCfg = Release|Any CPU
		{DB7AA19F-F3A1-4C30-B379-919FDCBE6A38}.Release|x64.Build.0 = Release|Any CPU
		{DB7AA19F-F3A1-4C30-B379-919FDCBE6A38}.Release|x64.Deploy.0 = Release|Any CPU
		{DB7AA19F-F3A1-4C30-B379-919FDCBE6A38}.Release|x86.ActiveCfg = Release|Any CPU
		{DB7AA19F-F3A1-4C30-B379-919FDCBE6A38}.Release|x86.Build.0 = Release|Any CPU
		{DB7AA19F-F3A1-4C30-B379-919FDCBE6A38}.Release|x86.Deploy.0 = Release|Any CPU
		{96311543-98CD-4227-8673-F36040F2D0EB}.Ad-Hoc|Any CPU.ActiveCfg = Ad-Hoc|iPhone
		{96311543-98CD-4227-8673-F36040F2D0EB}.Ad-Hoc|ARM.ActiveCfg = Ad-Hoc|iPhone
		{96311543-98CD-4227-8673-F36040F2D0EB}.Ad-Hoc|iPhone.ActiveCfg = Ad-Hoc|iPhone
		{96311543-98CD-4227-8673-F36040F2D0EB}.Ad-Hoc|iPhone.Build.0 = Ad-Hoc|iPhone
		{96311543-98CD-4227-8673-F36040F2D0EB}.Ad-Hoc|iPhoneSimulator.ActiveCfg = Ad-Hoc|iPhoneSimulator
		{96311543-98CD-4227-8673-F36040F2D0EB}.Ad-Hoc|iPhoneSimulator.Build.0 = Ad-Hoc|iPhoneSimulator
		{96311543-98CD-4227-8673-F36040F2D0EB}.Ad-Hoc|x64.ActiveCfg = Ad-Hoc|iPhone
		{96311543-98CD-4227-8673-F36040F2D0EB}.Ad-Hoc|x86.ActiveCfg = Ad-Hoc|iPhone
		{96311543-98CD-4227-8673-F36040F2D0EB}.AppStore|Any CPU.ActiveCfg = AppStore|iPhone
		{96311543-98CD-4227-8673-F36040F2D0EB}.AppStore|ARM.ActiveCfg = AppStore|iPhone
		{96311543-98CD-4227-8673-F36040F2D0EB}.AppStore|iPhone.ActiveCfg = AppStore|iPhone
		{96311543-98CD-4227-8673-F36040F2D0EB}.AppStore|iPhone.Build.0 = AppStore|iPhone
		{96311543-98CD-4227-8673-F36040F2D0EB}.AppStore|iPhoneSimulator.ActiveCfg = AppStore|iPhoneSimulator
		{96311543-98CD-4227-8673-F36040F2D0EB}.AppStore|iPhoneSimulator.Build.0 = AppStore|iPhoneSimulator
		{96311543-98CD-4227-8673-F36040F2D0EB}.AppStore|x64.ActiveCfg = AppStore|iPhone
		{96311543-98CD-4227-8673-F36040F2D0EB}.AppStore|x86.ActiveCfg = AppStore|iPhone
		{96311543-98CD-4227-8673-F36040F2D0EB}.Debug|Any CPU.ActiveCfg = Debug|iPhone
		{96311543-98CD-4227-8673-F36040F2D0EB}.Debug|ARM.ActiveCfg = Debug|iPhone
		{96311543-98CD-4227-8673-F36040F2D0EB}.Debug|iPhone.ActiveCfg = Debug|iPhone
		{96311543-98CD-4227-8673-F36040F2D0EB}.Debug|iPhone.Build.0 = Debug|iPhone
		{96311543-98CD-4227-8673-F36040F2D0EB}.Debug|iPhoneSimulator.ActiveCfg = Debug|iPhoneSimulator
		{96311543-98CD-4227-8673-F36040F2D0EB}.Debug|iPhoneSimulator.Build.0 = Debug|iPhoneSimulator
		{96311543-98CD-4227-8673-F36040F2D0EB}.Debug|x64.ActiveCfg = Debug|iPhone
		{96311543-98CD-4227-8673-F36040F2D0EB}.Debug|x86.ActiveCfg = Debug|iPhone
		{96311543-98CD-4227-8673-F36040F2D0EB}.Release|Any CPU.ActiveCfg = Release|iPhone
		{96311543-98CD-4227-8673-F36040F2D0EB}.Release|ARM.ActiveCfg = Release|iPhone
		{96311543-98CD-4227-8673-F36040F2D0EB}.Release|iPhone.ActiveCfg = Release|iPhone
		{96311543-98CD-4227-8673-F36040F2D0EB}.Release|iPhone.Build.0 = Release|iPhone
		{96311543-98CD-4227-8673-F36040F2D0EB}.Release|iPhoneSimulator.ActiveCfg = Release|iPhoneSimulator
		{96311543-98CD-4227-8673-F36040F2D0EB}.Release|iPhoneSimulator.Build.0 = Release|iPhoneSimulator
		{96311543-98CD-4227-8673-F36040F2D0EB}.Release|x64.ActiveCfg = Release|iPhone
		{96311543-98CD-4227-8673-F36040F2D0EB}.Release|x86.ActiveCfg = Release|iPhone
		{62F38B18-0928-4F61-93F8-C41E336FADB4}.Ad-Hoc|Any CPU.ActiveCfg = Release|x86
		{62F38B18-0928-4F61-93F8-C41E336FADB4}.Ad-Hoc|Any CPU.Build.0 = Release|x86
		{62F38B18-0928-4F61-93F8-C41E336FADB4}.Ad-Hoc|Any CPU.Deploy.0 = Release|x86
		{62F38B18-0928-4F61-93F8-C41E336FADB4}.Ad-Hoc|ARM.ActiveCfg = Release|ARM
		{62F38B18-0928-4F61-93F8-C41E336FADB4}.Ad-Hoc|ARM.Build.0 = Release|ARM
		{62F38B18-0928-4F61-93F8-C41E336FADB4}.Ad-Hoc|ARM.Deploy.0 = Release|ARM
		{62F38B18-0928-4F61-93F8-C41E336FADB4}.Ad-Hoc|iPhone.ActiveCfg = Release|x86
		{62F38B18-0928-4F61-93F8-C41E336FADB4}.Ad-Hoc|iPhone.Build.0 = Release|x86
		{62F38B18-0928-4F61-93F8-C41E336FADB4}.Ad-Hoc|iPhone.Deploy.0 = Release|x86
		{62F38B18-0928-4F61-93F8-C41E336FADB4}.Ad-Hoc|iPhoneSimulator.ActiveCfg = Release|x86
		{62F38B18-0928-4F61-93F8-C41E336FADB4}.Ad-Hoc|iPhoneSimulator.Build.0 = Release|x86
		{62F38B18-0928-4F61-93F8-C41E336FADB4}.Ad-Hoc|iPhoneSimulator.Deploy.0 = Release|x86
		{62F38B18-0928-4F61-93F8-C41E336FADB4}.Ad-Hoc|x64.ActiveCfg = Release|x64
		{62F38B18-0928-4F61-93F8-C41E336FADB4}.Ad-Hoc|x64.Build.0 = Release|x64
		{62F38B18-0928-4F61-93F8-C41E336FADB4}.Ad-Hoc|x64.Deploy.0 = Release|x64
		{62F38B18-0928-4F61-93F8-C41E336FADB4}.Ad-Hoc|x86.ActiveCfg = Release|x86
		{62F38B18-0928-4F61-93F8-C41E336FADB4}.Ad-Hoc|x86.Build.0 = Release|x86
		{62F38B18-0928-4F61-93F8-C41E336FADB4}.Ad-Hoc|x86.Deploy.0 = Release|x86
		{62F38B18-0928-4F61-93F8-C41E336FADB4}.AppStore|Any CPU.ActiveCfg = Release|x86
		{62F38B18-0928-4F61-93F8-C41E336FADB4}.AppStore|Any CPU.Build.0 = Release|x86
		{62F38B18-0928-4F61-93F8-C41E336FADB4}.AppStore|Any CPU.Deploy.0 = Release|x86
		{62F38B18-0928-4F61-93F8-C41E336FADB4}.AppStore|ARM.ActiveCfg = Release|ARM
		{62F38B18-0928-4F61-93F8-C41E336FADB4}.AppStore|ARM.Build.0 = Release|ARM
		{62F38B18-0928-4F61-93F8-C41E336FADB4}.AppStore|ARM.Deploy.0 = Release|ARM
		{62F38B18-0928-4F61-93F8-C41E336FADB4}.AppStore|iPhone.ActiveCfg = Release|x86
		{62F38B18-0928-4F61-93F8-C41E336FADB4}.AppStore|iPhone.Build.0 = Release|x86
		{62F38B18-0928-4F61-93F8-C41E336FADB4}.AppStore|iPhone.Deploy.0 = Release|x86
		{62F38B18-0928-4F61-93F8-C41E336FADB4}.AppStore|iPhoneSimulator.ActiveCfg = Release|x86
		{62F38B18-0928-4F61-93F8-C41E336FADB4}.AppStore|iPhoneSimulator.Build.0 = Release|x86
		{62F38B18-0928-4F61-93F8-C41E336FADB4}.AppStore|iPhoneSimulator.Deploy.0 = Release|x86
		{62F38B18-0928-4F61-93F8-C41E336FADB4}.AppStore|x64.ActiveCfg = Release|x64
		{62F38B18-0928-4F61-93F8-C41E336FADB4}.AppStore|x64.Build.0 = Release|x64
		{62F38B18-0928-4F61-93F8-C41E336FADB4}.AppStore|x64.Deploy.0 = Release|x64
		{62F38B18-0928-4F61-93F8-C41E336FADB4}.AppStore|x86.ActiveCfg = Release|x86
		{62F38B18-0928-4F61-93F8-C41E336FADB4}.AppStore|x86.Build.0 = Release|x86
		{62F38B18-0928-4F61-93F8-C41E336FADB4}.AppStore|x86.Deploy.0 = Release|x86
		{62F38B18-0928-4F61-93F8-C41E336FADB4}.Debug|Any CPU.ActiveCfg = Debug|x86
		{62F38B18-0928-4F61-93F8-C41E336FADB4}.Debug|ARM.ActiveCfg = Debug|ARM
		{62F38B18-0928-4F61-93F8-C41E336FADB4}.Debug|ARM.Build.0 = Debug|ARM
		{62F38B18-0928-4F61-93F8-C41E336FADB4}.Debug|ARM.Deploy.0 = Debug|ARM
		{62F38B18-0928-4F61-93F8-C41E336FADB4}.Debug|iPhone.ActiveCfg = Debug|x86
		{62F38B18-0928-4F61-93F8-C41E336FADB4}.Debug|iPhoneSimulator.ActiveCfg = Debug|x86
		{62F38B18-0928-4F61-93F8-C41E336FADB4}.Debug|x64.ActiveCfg = Debug|x64
		{62F38B18-0928-4F61-93F8-C41E336FADB4}.Debug|x64.Build.0 = Debug|x64
		{62F38B18-0928-4F61-93F8-C41E336FADB4}.Debug|x64.Deploy.0 = Debug|x64
		{62F38B18-0928-4F61-93F8-C41E336FADB4}.Debug|x86.ActiveCfg = Debug|x86
		{62F38B18-0928-4F61-93F8-C41E336FADB4}.Debug|x86.Build.0 = Debug|x86
		{62F38B18-0928-4F61-93F8-C41E336FADB4}.Debug|x86.Deploy.0 = Debug|x86
		{62F38B18-0928-4F61-93F8-C41E336FADB4}.Release|Any CPU.ActiveCfg = Release|x86
		{62F38B18-0928-4F61-93F8-C41E336FADB4}.Release|ARM.ActiveCfg = Release|ARM
		{62F38B18-0928-4F61-93F8-C41E336FADB4}.Release|ARM.Build.0 = Release|ARM
		{62F38B18-0928-4F61-93F8-C41E336FADB4}.Release|ARM.Deploy.0 = Release|ARM
		{62F38B18-0928-4F61-93F8-C41E336FADB4}.Release|iPhone.ActiveCfg = Release|x86
		{62F38B18-0928-4F61-93F8-C41E336FADB4}.Release|iPhoneSimulator.ActiveCfg = Release|x86
		{62F38B18-0928-4F61-93F8-C41E336FADB4}.Release|x64.ActiveCfg = Release|x64
		{62F38B18-0928-4F61-93F8-C41E336FADB4}.Release|x64.Build.0 = Release|x64
		{62F38B18-0928-4F61-93F8-C41E336FADB4}.Release|x64.Deploy.0 = Release|x64
		{62F38B18-0928-4F61-93F8-C41E336FADB4}.Release|x86.ActiveCfg = Release|x86
		{62F38B18-0928-4F61-93F8-C41E336FADB4}.Release|x86.Build.0 = Release|x86
		{62F38B18-0928-4F61-93F8-C41E336FADB4}.Release|x86.Deploy.0 = Release|x86
		{9084D2CB-30C0-4EEE-B062-26A81A559DA7}.Ad-Hoc|Any CPU.ActiveCfg = Debug|Any CPU
		{9084D2CB-30C0-4EEE-B062-26A81A559DA7}.Ad-Hoc|Any CPU.Build.0 = Debug|Any CPU
		{9084D2CB-30C0-4EEE-B062-26A81A559DA7}.Ad-Hoc|ARM.ActiveCfg = Debug|Any CPU
		{9084D2CB-30C0-4EEE-B062-26A81A559DA7}.Ad-Hoc|ARM.Build.0 = Debug|Any CPU
		{9084D2CB-30C0-4EEE-B062-26A81A559DA7}.Ad-Hoc|iPhone.ActiveCfg = Debug|Any CPU
		{9084D2CB-30C0-4EEE-B062-26A81A559DA7}.Ad-Hoc|iPhone.Build.0 = Debug|Any CPU
		{9084D2CB-30C0-4EEE-B062-26A81A559DA7}.Ad-Hoc|iPhoneSimulator.ActiveCfg = Debug|Any CPU
		{9084D2CB-30C0-4EEE-B062-26A81A559DA7}.Ad-Hoc|iPhoneSimulator.Build.0 = Debug|Any CPU
		{9084D2CB-30C0-4EEE-B062-26A81A559DA7}.Ad-Hoc|x64.ActiveCfg = Debug|Any CPU
		{9084D2CB-30C0-4EEE-B062-26A81A559DA7}.Ad-Hoc|x64.Build.0 = Debug|Any CPU
		{9084D2CB-30C0-4EEE-B062-26A81A559DA7}.Ad-Hoc|x86.ActiveCfg = Debug|Any CPU
		{9084D2CB-30C0-4EEE-B062-26A81A559DA7}.Ad-Hoc|x86.Build.0 = Debug|Any CPU
		{9084D2CB-30C0-4EEE-B062-26A81A559DA7}.AppStore|Any CPU.ActiveCfg = Debug|Any CPU
		{9084D2CB-30C0-4EEE-B062-26A81A559DA7}.AppStore|Any CPU.Build.0 = Debug|Any CPU
		{9084D2CB-30C0-4EEE-B062-26A81A559DA7}.AppStore|ARM.ActiveCfg = Debug|Any CPU
		{9084D2CB-30C0-4EEE-B062-26A81A559DA7}.AppStore|ARM.Build.0 = Debug|Any CPU
		{9084D2CB-30C0-4EEE-B062-26A81A559DA7}.AppStore|iPhone.ActiveCfg = Debug|Any CPU
		{9084D2CB-30C0-4EEE-B062-26A81A559DA7}.AppStore|iPhone.Build.0 = Debug|Any CPU
		{9084D2CB-30C0-4EEE-B062-26A81A559DA7}.AppStore|iPhoneSimulator.ActiveCfg = Debug|Any CPU
		{9084D2CB-30C0-4EEE-B062-26A81A559DA7}.AppStore|iPhoneSimulator.Build.0 = Debug|Any CPU
		{9084D2CB-30C0-4EEE-B062-26A81A559DA7}.AppStore|x64.ActiveCfg = Debug|Any CPU
		{9084D2CB-30C0-4EEE-B062-26A81A559DA7}.AppStore|x64.Build.0 = Debug|Any CPU
		{9084D2CB-30C0-4EEE-B062-26A81A559DA7}.AppStore|x86.ActiveCfg = Debug|Any CPU
		{9084D2CB-30C0-4EEE-B062-26A81A559DA7}.AppStore|x86.Build.0 = Debug|Any CPU
		{9084D2CB-30C0-4EEE-B062-26A81A559DA7}.Debug|Any CPU.ActiveCfg = Debug|Any CPU
		{9084D2CB-30C0-4EEE-B062-26A81A559DA7}.Debug|Any CPU.Build.0 = Debug|Any CPU
		{9084D2CB-30C0-4EEE-B062-26A81A559DA7}.Debug|ARM.ActiveCfg = Debug|Any CPU
		{9084D2CB-30C0-4EEE-B062-26A81A559DA7}.Debug|ARM.Build.0 = Debug|Any CPU
		{9084D2CB-30C0-4EEE-B062-26A81A559DA7}.Debug|iPhone.ActiveCfg = Debug|Any CPU
		{9084D2CB-30C0-4EEE-B062-26A81A559DA7}.Debug|iPhone.Build.0 = Debug|Any CPU
		{9084D2CB-30C0-4EEE-B062-26A81A559DA7}.Debug|iPhoneSimulator.ActiveCfg = Debug|Any CPU
		{9084D2CB-30C0-4EEE-B062-26A81A559DA7}.Debug|iPhoneSimulator.Build.0 = Debug|Any CPU
		{9084D2CB-30C0-4EEE-B062-26A81A559DA7}.Debug|x64.ActiveCfg = Debug|Any CPU
		{9084D2CB-30C0-4EEE-B062-26A81A559DA7}.Debug|x64.Build.0 = Debug|Any CPU
		{9084D2CB-30C0-4EEE-B062-26A81A559DA7}.Debug|x86.ActiveCfg = Debug|Any CPU
		{9084D2CB-30C0-4EEE-B062-26A81A559DA7}.Debug|x86.Build.0 = Debug|Any CPU
		{9084D2CB-30C0-4EEE-B062-26A81A559DA7}.Release|Any CPU.ActiveCfg = Release|Any CPU
		{9084D2CB-30C0-4EEE-B062-26A81A559DA7}.Release|Any CPU.Build.0 = Release|Any CPU
		{9084D2CB-30C0-4EEE-B062-26A81A559DA7}.Release|ARM.ActiveCfg = Release|Any CPU
		{9084D2CB-30C0-4EEE-B062-26A81A559DA7}.Release|ARM.Build.0 = Release|Any CPU
		{9084D2CB-30C0-4EEE-B062-26A81A559DA7}.Release|iPhone.ActiveCfg = Release|Any CPU
		{9084D2CB-30C0-4EEE-B062-26A81A559DA7}.Release|iPhone.Build.0 = Release|Any CPU
		{9084D2CB-30C0-4EEE-B062-26A81A559DA7}.Release|iPhoneSimulator.ActiveCfg = Release|Any CPU
		{9084D2CB-30C0-4EEE-B062-26A81A559DA7}.Release|iPhoneSimulator.Build.0 = Release|Any CPU
		{9084D2CB-30C0-4EEE-B062-26A81A559DA7}.Release|x64.ActiveCfg = Release|Any CPU
		{9084D2CB-30C0-4EEE-B062-26A81A559DA7}.Release|x64.Build.0 = Release|Any CPU
		{9084D2CB-30C0-4EEE-B062-26A81A559DA7}.Release|x86.ActiveCfg = Release|Any CPU
		{9084D2CB-30C0-4EEE-B062-26A81A559DA7}.Release|x86.Build.0 = Release|Any CPU
	EndGlobalSection
	GlobalSection(SolutionProperties) = preSolution
		HideSolutionNode = FALSE
	EndGlobalSection
	GlobalSection(ExtensibilityGlobals) = postSolution
		SolutionGuid = {C867A9A9-9723-4FB7-9436-1792D7AC8818}
	EndGlobalSection
EndGlobal
